
Microsoft Visual Studio Solution File, Format Version 12.00
# Visual Studio 15
VisualStudioVersion = 15.0.28307.1525
MinimumVisualStudioVersion = 10.0.40219.1
Project("{8BC9CEB8-8B4A-11D0-8D11-00A0C91BC942}") = "sampleexe", "exe\sampleexe.vcxproj", "{E8A2C828-5E97-476A-8ACF-89779865955D}"
EndProject
Project("{8BC9CEB8-8B4A-11D0-8D11-00A0C91BC942}") = "sampledll_first", "sampledll_first\sampledll_first.vcxproj", "{0FAE0B29-EC94-436B-8B1B-8786D10C2E52}"
EndProject
Project("{8BC9CEB8-8B4A-11D0-8D11-00A0C91BC942}") = "dependdll", "dependdll\dependdll.vcxproj", "{6F8A9239-AC29-4B9A-A93D-FBA68B584FC1}"
EndProject
Global
	GlobalSection(SolutionConfigurationPlatforms) = preSolution
		Debug|x64 = Debug|x64
		Release|x64 = Release|x64
	EndGlobalSection
	GlobalSection(ProjectConfigurationPlatforms) = postSolution
		{E8A2C828-5E97-476A-8ACF-89779865955D}.Debug|x64.ActiveCfg = Debug|x64
		{E8A2C828-5E97-476A-8ACF-89779865955D}.Debug|x64.Build.0 = Debug|x64
		{E8A2C828-5E97-476A-8ACF-89779865955D}.Release|x64.ActiveCfg = Release|x64
		{E8A2C828-5E97-476A-8ACF-89779865955D}.Release|x64.Build.0 = Release|x64
		{0FAE0B29-EC94-436B-8B1B-8786D10C2E52}.Debug|x64.ActiveCfg = Debug|x64
		{0FAE0B29-EC94-436B-8B1B-8786D10C2E52}.Debug|x64.Build.0 = Debug|x64
		{0FAE0B29-EC94-436B-8B1B-8786D10C2E52}.Release|x64.ActiveCfg = Release|x64
		{0FAE0B29-EC94-436B-8B1B-8786D10C2E52}.Release|x64.Build.0 = Release|x64
		{6F8A9239-AC29-4B9A-A93D-FBA68B584FC1}.Debug|x64.ActiveCfg = Debug|x64
		{6F8A9239-AC29-4B9A-A93D-FBA68B584FC1}.Debug|x64.Build.0 = Debug|x64
		{6F8A9239-AC29-4B9A-A93D-FBA68B584FC1}.Release|x64.ActiveCfg = Release|x64
		{6F8A9239-AC29-4B9A-A93D-FBA68B584FC1}.Release|x64.Build.0 = Release|x64
	EndGlobalSection
	GlobalSection(SolutionProperties) = preSolution
		HideSolutionNode = FALSE
	EndGlobalSection
	GlobalSection(ExtensibilityGlobals) = postSolution
		SolutionGuid = {B73333F8-DB35-44E6-A8FC-3F60AF393DE4}
	EndGlobalSection
EndGlobal
